// !$*UTF8*$!
{
	archiveVersion = 1;
	classes = {
	};
	objectVersion = 50;
	objects = {

/* Begin PBXBuildFile section */
		3726C1CD252CEEA900B0B216 /* AppDelegate.swift in Sources */ = {isa = PBXBuildFile; fileRef = 3726C1CC252CEEA900B0B216 /* AppDelegate.swift */; };
		3726C1CF252CEEA900B0B216 /* ContentView.swift in Sources */ = {isa = PBXBuildFile; fileRef = 3726C1CE252CEEA900B0B216 /* ContentView.swift */; };
		3726C1D1252CEEAB00B0B216 /* Assets.xcassets in Resources */ = {isa = PBXBuildFile; fileRef = 3726C1D0252CEEAB00B0B216 /* Assets.xcassets */; };
		3726C1D4252CEEAB00B0B216 /* Preview Assets.xcassets in Resources */ = {isa = PBXBuildFile; fileRef = 3726C1D3252CEEAB00B0B216 /* Preview Assets.xcassets */; };
		3726C1D7252CEEAB00B0B216 /* Main.storyboard in Resources */ = {isa = PBXBuildFile; fileRef = 3726C1D5252CEEAB00B0B216 /* Main.storyboard */; };
		3726C1E1252CF33000B0B216 /* Sensor.swift in Sources */ = {isa = PBXBuildFile; fileRef = 3726C1E0252CF33000B0B216 /* Sensor.swift */; };
		3726C1E4252CF44600B0B216 /* Result.swift in Sources */ = {isa = PBXBuildFile; fileRef = 3726C1E3252CF44600B0B216 /* Result.swift */; };
		3726C1E7252CF4CE00B0B216 /* PurpleAirApi.swift in Sources */ = {isa = PBXBuildFile; fileRef = 3726C1E6252CF4CE00B0B216 /* PurpleAirApi.swift */; };
/* End PBXBuildFile section */

/* Begin PBXFileReference section */
		3726C1C9252CEEA900B0B216 /* PurpleMenu.app */ = {isa = PBXFileReference; explicitFileType = wrapper.application; includeInIndex = 0; path = PurpleMenu.app; sourceTree = BUILT_PRODUCTS_DIR; };
		3726C1CC252CEEA900B0B216 /* AppDelegate.swift */ = {isa = PBXFileReference; lastKnownFileType = sourcecode.swift; path = AppDelegate.swift; sourceTree = "<group>"; };
		3726C1CE252CEEA900B0B216 /* ContentView.swift */ = {isa = PBXFileReference; lastKnownFileType = sourcecode.swift; path = ContentView.swift; sourceTree = "<group>"; };
		3726C1D0252CEEAB00B0B216 /* Assets.xcassets */ = {isa = PBXFileReference; lastKnownFileType = folder.assetcatalog; path = Assets.xcassets; sourceTree = "<group>"; };
		3726C1D3252CEEAB00B0B216 /* Preview Assets.xcassets */ = {isa = PBXFileReference; lastKnownFileType = folder.assetcatalog; path = "Preview Assets.xcassets"; sourceTree = "<group>"; };
		3726C1D6252CEEAB00B0B216 /* Base */ = {isa = PBXFileReference; lastKnownFileType = file.storyboard; name = Base; path = Base.lproj/Main.storyboard; sourceTree = "<group>"; };
		3726C1D8252CEEAB00B0B216 /* Info.plist */ = {isa = PBXFileReference; lastKnownFileType = text.plist.xml; path = Info.plist; sourceTree = "<group>"; };
		3726C1D9252CEEAB00B0B216 /* PurpleMenu.entitlements */ = {isa = PBXFileReference; lastKnownFileType = text.plist.entitlements; path = PurpleMenu.entitlements; sourceTree = "<group>"; };
		3726C1E0252CF33000B0B216 /* Sensor.swift */ = {isa = PBXFileReference; lastKnownFileType = sourcecode.swift; path = Sensor.swift; sourceTree = "<group>"; };
		3726C1E3252CF44600B0B216 /* Result.swift */ = {isa = PBXFileReference; lastKnownFileType = sourcecode.swift; path = Result.swift; sourceTree = "<group>"; };
		3726C1E6252CF4CE00B0B216 /* PurpleAirApi.swift */ = {isa = PBXFileReference; lastKnownFileType = sourcecode.swift; path = PurpleAirApi.swift; sourceTree = "<group>"; };
/* End PBXFileReference section */

/* Begin PBXFrameworksBuildPhase section */
		3726C1C6252CEEA900B0B216 /* Frameworks */ = {
			isa = PBXFrameworksBuildPhase;
			buildActionMask = 2147483647;
			files = (
			);
			runOnlyForDeploymentPostprocessing = 0;
		};
/* End PBXFrameworksBuildPhase section */

/* Begin PBXGroup section */
		3726C1C0252CEEA900B0B216 = {
			isa = PBXGroup;
			children = (
				3726C1CB252CEEA900B0B216 /* PurpleMenu */,
				3726C1CA252CEEA900B0B216 /* Products */,
			);
			sourceTree = "<group>";
		};
		3726C1CA252CEEA900B0B216 /* Products */ = {
			isa = PBXGroup;
			children = (
				3726C1C9252CEEA900B0B216 /* PurpleMenu.app */,
			);
			name = Products;
			sourceTree = "<group>";
		};
		3726C1CB252CEEA900B0B216 /* PurpleMenu */ = {
			isa = PBXGroup;
			children = (
				3726C1CC252CEEA900B0B216 /* AppDelegate.swift */,
				3726C1CE252CEEA900B0B216 /* ContentView.swift */,
				3726C1D0252CEEAB00B0B216 /* Assets.xcassets */,
				3726C1D5252CEEAB00B0B216 /* Main.storyboard */,
				3726C1D8252CEEAB00B0B216 /* Info.plist */,
				3726C1D9252CEEAB00B0B216 /* PurpleMenu.entitlements */,
				3726C1D2252CEEAB00B0B216 /* Preview Content */,
				3726C1E0252CF33000B0B216 /* Sensor.swift */,
				3726C1E3252CF44600B0B216 /* Result.swift */,
				3726C1E6252CF4CE00B0B216 /* PurpleAirApi.swift */,
			);
			path = PurpleMenu;
			sourceTree = "<group>";
		};
		3726C1D2252CEEAB00B0B216 /* Preview Content */ = {
			isa = PBXGroup;
			children = (
				3726C1D3252CEEAB00B0B216 /* Preview Assets.xcassets */,
			);
			path = "Preview Content";
			sourceTree = "<group>";
		};
/* End PBXGroup section */

/* Begin PBXNativeTarget section */
		3726C1C8252CEEA900B0B216 /* PurpleMenu */ = {
			isa = PBXNativeTarget;
			buildConfigurationList = 3726C1DC252CEEAB00B0B216 /* Build configuration list for PBXNativeTarget "PurpleMenu" */;
			buildPhases = (
				3726C1C5252CEEA900B0B216 /* Sources */,
				3726C1C6252CEEA900B0B216 /* Frameworks */,
				3726C1C7252CEEA900B0B216 /* Resources */,
			);
			buildRules = (
			);
			dependencies = (
			);
			name = PurpleMenu;
			productName = PurpleMenu;
			productReference = 3726C1C9252CEEA900B0B216 /* PurpleMenu.app */;
			productType = "com.apple.product-type.application";
		};
/* End PBXNativeTarget section */

/* Begin PBXProject section */
		3726C1C1252CEEA900B0B216 /* Project object */ = {
			isa = PBXProject;
			attributes = {
				LastSwiftUpdateCheck = 1200;
				LastUpgradeCheck = 1200;
				TargetAttributes = {
					3726C1C8252CEEA900B0B216 = {
						CreatedOnToolsVersion = 12.0.1;
					};
				};
			};
			buildConfigurationList = 3726C1C4252CEEA900B0B216 /* Build configuration list for PBXProject "PurpleMenu" */;
			compatibilityVersion = "Xcode 9.3";
			developmentRegion = en;
			hasScannedForEncodings = 0;
			knownRegions = (
				en,
				Base,
			);
			mainGroup = 3726C1C0252CEEA900B0B216;
			productRefGroup = 3726C1CA252CEEA900B0B216 /* Products */;
			projectDirPath = "";
			projectRoot = "";
			targets = (
				3726C1C8252CEEA900B0B216 /* PurpleMenu */,
			);
		};
/* End PBXProject section */

/* Begin PBXResourcesBuildPhase section */
		3726C1C7252CEEA900B0B216 /* Resources */ = {
			isa = PBXResourcesBuildPhase;
			buildActionMask = 2147483647;
			files = (
				3726C1D7252CEEAB00B0B216 /* Main.storyboard in Resources */,
				3726C1D4252CEEAB00B0B216 /* Preview Assets.xcassets in Resources */,
				3726C1D1252CEEAB00B0B216 /* Assets.xcassets in Resources */,
			);
			runOnlyForDeploymentPostprocessing = 0;
		};
/* End PBXResourcesBuildPhase section */

/* Begin PBXSourcesBuildPhase section */
		3726C1C5252CEEA900B0B216 /* Sources */ = {
			isa = PBXSourcesBuildPhase;
			buildActionMask = 2147483647;
			files = (
				3726C1CF252CEEA900B0B216 /* ContentView.swift in Sources */,
				3726C1E1252CF33000B0B216 /* Sensor.swift in Sources */,
				3726C1E7252CF4CE00B0B216 /* PurpleAirApi.swift in Sources */,
				3726C1E4252CF44600B0B216 /* Result.swift in Sources */,
				3726C1CD252CEEA900B0B216 /* AppDelegate.swift in Sources */,
			);
			runOnlyForDeploymentPostprocessing = 0;
		};
/* End PBXSourcesBuildPhase section */

/* Begin PBXVariantGroup section */
		3726C1D5252CEEAB00B0B216 /* Main.storyboard */ = {
			isa = PBXVariantGroup;
			children = (
				3726C1D6252CEEAB00B0B216 /* Base */,
			);
			name = Main.storyboard;
			sourceTree = "<group>";
		};
/* End PBXVariantGroup section */

/* Begin XCBuildConfiguration section */
		3726C1DA252CEEAB00B0B216 /* Debug */ = {
			isa = XCBuildConfiguration;
			buildSettings = {
				ALWAYS_SEARCH_USER_PATHS = NO;
				CLANG_ANALYZER_NONNULL = YES;
				CLANG_ANALYZER_NUMBER_OBJECT_CONVERSION = YES_AGGRESSIVE;
				CLANG_CXX_LANGUAGE_STANDARD = "gnu++14";
				CLANG_CXX_LIBRARY = "libc++";
				CLANG_ENABLE_MODULES = YES;
				CLANG_ENABLE_OBJC_ARC = YES;
				CLANG_ENABLE_OBJC_WEAK = YES;
				CLANG_WARN_BLOCK_CAPTURE_AUTORELEASING = YES;
				CLANG_WARN_BOOL_CONVERSION = YES;
				CLANG_WARN_COMMA = YES;
				CLANG_WARN_CONSTANT_CONVERSION = YES;
				CLANG_WARN_DEPRECATED_OBJC_IMPLEMENTATIONS = YES;
				CLANG_WARN_DIRECT_OBJC_ISA_USAGE = YES_ERROR;
				CLANG_WARN_DOCUMENTATION_COMMENTS = YES;
				CLANG_WARN_EMPTY_BODY = YES;
				CLANG_WARN_ENUM_CONVERSION = YES;
				CLANG_WARN_INFINITE_RECURSION = YES;
				CLANG_WARN_INT_CONVERSION = YES;
				CLANG_WARN_NON_LITERAL_NULL_CONVERSION = YES;
				CLANG_WARN_OBJC_IMPLICIT_RETAIN_SELF = YES;
				CLANG_WARN_OBJC_LITERAL_CONVERSION = YES;
				CLANG_WARN_OBJC_ROOT_CLASS = YES_ERROR;
				CLANG_WARN_QUOTED_INCLUDE_IN_FRAMEWORK_HEADER = YES;
				CLANG_WARN_RANGE_LOOP_ANALYSIS = YES;
				CLANG_WARN_STRICT_PROTOTYPES = YES;
				CLANG_WARN_SUSPICIOUS_MOVE = YES;
				CLANG_WARN_UNGUARDED_AVAILABILITY = YES_AGGRESSIVE;
				CLANG_WARN_UNREACHABLE_CODE = YES;
				CLANG_WARN__DUPLICATE_METHOD_MATCH = YES;
				COPY_PHASE_STRIP = NO;
				DEBUG_INFORMATION_FORMAT = dwarf;
				ENABLE_STRICT_OBJC_MSGSEND = YES;
				ENABLE_TESTABILITY = YES;
				GCC_C_LANGUAGE_STANDARD = gnu11;
				GCC_DYNAMIC_NO_PIC = NO;
				GCC_NO_COMMON_BLOCKS = YES;
				GCC_OPTIMIZATION_LEVEL = 0;
				GCC_PREPROCESSOR_DEFINITIONS = (
					"DEBUG=1",
					"$(inherited)",
				);
				GCC_WARN_64_TO_32_BIT_CONVERSION = YES;
				GCC_WARN_ABOUT_RETURN_TYPE = YES_ERROR;
				GCC_WARN_UNDECLARED_SELECTOR = YES;
				GCC_WARN_UNINITIALIZED_AUTOS = YES_AGGRESSIVE;
				GCC_WARN_UNUSED_FUNCTION = YES;
				GCC_WARN_UNUSED_VARIABLE = YES;
				MACOSX_DEPLOYMENT_TARGET = 10.15;
				MTL_ENABLE_DEBUG_INFO = INCLUDE_SOURCE;
				MTL_FAST_MATH = YES;
				ONLY_ACTIVE_ARCH = YES;
				SDKROOT = macosx;
				SWIFT_ACTIVE_COMPILATION_CONDITIONS = DEBUG;
				SWIFT_OPTIMIZATION_LEVEL = "-Onone";
			};
			name = Debug;
		};
		3726C1DB252CEEAB00B0B216 /* Release */ = {
			isa = XCBuildConfiguration;
			buildSettings = {
				ALWAYS_SEARCH_USER_PATHS = NO;
				CLANG_ANALYZER_NONNULL = YES;
				CLANG_ANALYZER_NUMBER_OBJECT_CONVERSION = YES_AGGRESSIVE;
				CLANG_CXX_LANGUAGE_STANDARD = "gnu++14";
				CLANG_CXX_LIBRARY = "libc++";
				CLANG_ENABLE_MODULES = YES;
				CLANG_ENABLE_OBJC_ARC = YES;
				CLANG_ENABLE_OBJC_WEAK = YES;
				CLANG_WARN_BLOCK_CAPTURE_AUTORELEASING = YES;
				CLANG_WARN_BOOL_CONVERSION = YES;
				CLANG_WARN_COMMA = YES;
				CLANG_WARN_CONSTANT_CONVERSION = YES;
				CLANG_WARN_DEPRECATED_OBJC_IMPLEMENTATIONS = YES;
				CLANG_WARN_DIRECT_OBJC_ISA_USAGE = YES_ERROR;
				CLANG_WARN_DOCUMENTATION_COMMENTS = YES;
				CLANG_WARN_EMPTY_BODY = YES;
				CLANG_WARN_ENUM_CONVERSION = YES;
				CLANG_WARN_INFINITE_RECURSION = YES;
				CLANG_WARN_INT_CONVERSION = YES;
				CLANG_WARN_NON_LITERAL_NULL_CONVERSION = YES;
				CLANG_WARN_OBJC_IMPLICIT_RETAIN_SELF = YES;
				CLANG_WARN_OBJC_LITERAL_CONVERSION = YES;
				CLANG_WARN_OBJC_ROOT_CLASS = YES_ERROR;
				CLANG_WARN_QUOTED_INCLUDE_IN_FRAMEWORK_HEADER = YES;
				CLANG_WARN_RANGE_LOOP_ANALYSIS = YES;
				CLANG_WARN_STRICT_PROTOTYPES = YES;
				CLANG_WARN_SUSPICIOUS_MOVE = YES;
				CLANG_WARN_UNGUARDED_AVAILABILITY = YES_AGGRESSIVE;
				CLANG_WARN_UNREACHABLE_CODE = YES;
				CLANG_WARN__DUPLICATE_METHOD_MATCH = YES;
				COPY_PHASE_STRIP = NO;
				DEBUG_INFORMATION_FORMAT = "dwarf-with-dsym";
				ENABLE_NS_ASSERTIONS = NO;
				ENABLE_STRICT_OBJC_MSGSEND = YES;
				GCC_C_LANGUAGE_STANDARD = gnu11;
				GCC_NO_COMMON_BLOCKS = YES;
				GCC_WARN_64_TO_32_BIT_CONVERSION = YES;
				GCC_WARN_ABOUT_RETURN_TYPE = YES_ERROR;
				GCC_WARN_UNDECLARED_SELECTOR = YES;
				GCC_WARN_UNINITIALIZED_AUTOS = YES_AGGRESSIVE;
				GCC_WARN_UNUSED_FUNCTION = YES;
				GCC_WARN_UNUSED_VARIABLE = YES;
				MACOSX_DEPLOYMENT_TARGET = 10.15;
				MTL_ENABLE_DEBUG_INFO = NO;
				MTL_FAST_MATH = YES;
				SDKROOT = macosx;
				SWIFT_COMPILATION_MODE = wholemodule;
				SWIFT_OPTIMIZATION_LEVEL = "-O";
			};
			name = Release;
		};
		3726C1DD252CEEAB00B0B216 /* Debug */ = {
			isa = XCBuildConfiguration;
			buildSettings = {
				ASSETCATALOG_COMPILER_APPICON_NAME = AppIcon;
				ASSETCATALOG_COMPILER_GLOBAL_ACCENT_COLOR_NAME = AccentColor;
				CODE_SIGN_ENTITLEMENTS = PurpleMenu/PurpleMenu.entitlements;
				CODE_SIGN_STYLE = Automatic;
				COMBINE_HIDPI_IMAGES = YES;
				DEVELOPMENT_ASSET_PATHS = "\"PurpleMenu/Preview Content\"";
				DEVELOPMENT_TEAM = BVZF7TL777;
				ENABLE_HARDENED_RUNTIME = YES;
				ENABLE_PREVIEWS = YES;
				INFOPLIST_FILE = PurpleMenu/Info.plist;
				LD_RUNPATH_SEARCH_PATHS = (
					"$(inherited)",
					"@executable_path/../Frameworks",
				);
				MACOSX_DEPLOYMENT_TARGET = 10.15;
				PRODUCT_BUNDLE_IDENTIFIER = com.andrewng.PurpleMenu;
				PRODUCT_NAME = "$(TARGET_NAME)";
				SWIFT_VERSION = 5.0;
			};
			name = Debug;
		};
		3726C1DE252CEEAB00B0B216 /* Release */ = {
			isa = XCBuildConfiguration;
			buildSettings = {
				ASSETCATALOG_COMPILER_APPICON_NAME = AppIcon;
				ASSETCATALOG_COMPILER_GLOBAL_ACCENT_COLOR_NAME = AccentColor;
				CODE_SIGN_ENTITLEMENTS = PurpleMenu/PurpleMenu.entitlements;
				CODE_SIGN_STYLE = Automatic;
				COMBINE_HIDPI_IMAGES = YES;
				DEVELOPMENT_ASSET_PATHS = "\"PurpleMenu/Preview Content\"";
				DEVELOPMENT_TEAM = BVZF7TL777;
				ENABLE_HARDENED_RUNTIME = YES;
				ENABLE_PREVIEWS = YES;
				INFOPLIST_FILE = PurpleMenu/Info.plist;
				LD_RUNPATH_SEARCH_PATHS = (
					"$(inherited)",
					"@executable_path/../Frameworks",
				);
				MACOSX_DEPLOYMENT_TARGET = 10.15;
				PRODUCT_BUNDLE_IDENTIFIER = com.andrewng.PurpleMenu;
				PRODUCT_NAME = "$(TARGET_NAME)";
				SWIFT_VERSION = 5.0;
			};
			name = Release;
		};
/* End XCBuildConfiguration section */

/* Begin XCConfigurationList section */
		3726C1C4252CEEA900B0B216 /* Build configuration list for PBXProject "PurpleMenu" */ = {
			isa = XCConfigurationList;
			buildConfigurations = (
				3726C1DA252CEEAB00B0B216 /* Debug */,
				3726C1DB252CEEAB00B0B216 /* Release */,
			);
			defaultConfigurationIsVisible = 0;
			defaultConfigurationName = Release;
		};
		3726C1DC252CEEAB00B0B216 /* Build configuration list for PBXNativeTarget "PurpleMenu" */ = {
			isa = XCConfigurationList;
			buildConfigurations = (
				3726C1DD252CEEAB00B0B216 /* Debug */,
				3726C1DE252CEEAB00B0B216 /* Release */,
			);
			defaultConfigurationIsVisible = 0;
			defaultConfigurationName = Release;
		};
/* End XCConfigurationList section */
	};
	rootObject = 3726C1C1252CEEA900B0B216 /* Project object */;
}
